
Microsoft Visual Studio Solution File, Format Version 12.00
# Visual Studio 14
VisualStudioVersion = 14.0.25420.1
MinimumVisualStudioVersion = 10.0.40219.1
Project("{FAE04EC0-301F-11D3-BF4B-00C04F79EFBC}") = "Drinkguy.Droid", "Drinkguy\Drinkguy.Droid\Drinkguy.Droid.csproj", "{AB6A8C97-569E-44FF-BCB4-7725F7DDDC7D}"
EndProject
Project("{FAE04EC0-301F-11D3-BF4B-00C04F79EFBC}") = "Drinkguy.iOS", "Drinkguy\Drinkguy.iOS\Drinkguy.iOS.csproj", "{F7CE1881-721E-4B0E-8458-55A381284ED9}"
EndProject
Project("{FAE04EC0-301F-11D3-BF4B-00C04F79EFBC}") = "Drinkguy.WinPhone", "Drinkguy\Drinkguy.WinPhone\Drinkguy.WinPhone.csproj", "{C5466061-15EC-4C60-8222-473FFDD4E3CE}"
EndProject
Project("{FAE04EC0-301F-11D3-BF4B-00C04F79EFBC}") = "Drinkguy.Windows", "Drinkguy\Drinkguy.Windows\Drinkguy.Windows.csproj", "{14D2D996-1285-4E8F-A64E-0A530BCBC3B5}"
EndProject
Project("{FAE04EC0-301F-11D3-BF4B-00C04F79EFBC}") = "Drinkguy", "Drinkguy\Drinkguy\Drinkguy.csproj", "{06B27DD8-EB0A-469F-88EE-3150C9E7C6B1}"
EndProject
Global
	GlobalSection(SolutionConfigurationPlatforms) = preSolution
		Ad-Hoc|Any CPU = Ad-Hoc|Any CPU
		Ad-Hoc|ARM = Ad-Hoc|ARM
		Ad-Hoc|iPhone = Ad-Hoc|iPhone
		Ad-Hoc|iPhoneSimulator = Ad-Hoc|iPhoneSimulator
		Ad-Hoc|x64 = Ad-Hoc|x64
		Ad-Hoc|x86 = Ad-Hoc|x86
		AppStore|Any CPU = AppStore|Any CPU
		AppStore|ARM = AppStore|ARM
		AppStore|iPhone = AppStore|iPhone
		AppStore|iPhoneSimulator = AppStore|iPhoneSimulator
		AppStore|x64 = AppStore|x64
		AppStore|x86 = AppStore|x86
		Debug|Any CPU = Debug|Any CPU
		Debug|ARM = Debug|ARM
		Debug|iPhone = Debug|iPhone
		Debug|iPhoneSimulator = Debug|iPhoneSimulator
		Debug|x64 = Debug|x64
		Debug|x86 = Debug|x86
		Release|Any CPU = Release|Any CPU
		Release|ARM = Release|ARM
		Release|iPhone = Release|iPhone
		Release|iPhoneSimulator = Release|iPhoneSimulator
		Release|x64 = Release|x64
		Release|x86 = Release|x86
	EndGlobalSection
	GlobalSection(ProjectConfigurationPlatforms) = postSolution
		{AB6A8C97-569E-44FF-BCB4-7725F7DDDC7D}.Ad-Hoc|Any CPU.ActiveCfg = Release|Any CPU
		{AB6A8C97-569E-44FF-BCB4-7725F7DDDC7D}.Ad-Hoc|Any CPU.Build.0 = Release|Any CPU
		{AB6A8C97-569E-44FF-BCB4-7725F7DDDC7D}.Ad-Hoc|Any CPU.Deploy.0 = Release|Any CPU
		{AB6A8C97-569E-44FF-BCB4-7725F7DDDC7D}.Ad-Hoc|ARM.ActiveCfg = Release|Any CPU
		{AB6A8C97-569E-44FF-BCB4-7725F7DDDC7D}.Ad-Hoc|ARM.Build.0 = Release|Any CPU
		{AB6A8C97-569E-44FF-BCB4-7725F7DDDC7D}.Ad-Hoc|ARM.Deploy.0 = Release|Any CPU
		{AB6A8C97-569E-44FF-BCB4-7725F7DDDC7D}.Ad-Hoc|iPhone.ActiveCfg = Release|Any CPU
		{AB6A8C97-569E-44FF-BCB4-7725F7DDDC7D}.Ad-Hoc|iPhone.Build.0 = Release|Any CPU
		{AB6A8C97-569E-44FF-BCB4-7725F7DDDC7D}.Ad-Hoc|iPhone.Deploy.0 = Release|Any CPU
		{AB6A8C97-569E-44FF-BCB4-7725F7DDDC7D}.Ad-Hoc|iPhoneSimulator.ActiveCfg = Release|Any CPU
		{AB6A8C97-569E-44FF-BCB4-7725F7DDDC7D}.Ad-Hoc|iPhoneSimulator.Build.0 = Release|Any CPU
		{AB6A8C97-569E-44FF-BCB4-7725F7DDDC7D}.Ad-Hoc|iPhoneSimulator.Deploy.0 = Release|Any CPU
		{AB6A8C97-569E-44FF-BCB4-7725F7DDDC7D}.Ad-Hoc|x64.ActiveCfg = Release|Any CPU
		{AB6A8C97-569E-44FF-BCB4-7725F7DDDC7D}.Ad-Hoc|x64.Build.0 = Release|Any CPU
		{AB6A8C97-569E-44FF-BCB4-7725F7DDDC7D}.Ad-Hoc|x64.Deploy.0 = Release|Any CPU
		{AB6A8C97-569E-44FF-BCB4-7725F7DDDC7D}.Ad-Hoc|x86.ActiveCfg = Release|Any CPU
		{AB6A8C97-569E-44FF-BCB4-7725F7DDDC7D}.Ad-Hoc|x86.Build.0 = Release|Any CPU
		{AB6A8C97-569E-44FF-BCB4-7725F7DDDC7D}.Ad-Hoc|x86.Deploy.0 = Release|Any CPU
		{AB6A8C97-569E-44FF-BCB4-7725F7DDDC7D}.AppStore|Any CPU.ActiveCfg = Release|Any CPU
		{AB6A8C97-569E-44FF-BCB4-7725F7DDDC7D}.AppStore|Any CPU.Build.0 = Release|Any CPU
		{AB6A8C97-569E-44FF-BCB4-7725F7DDDC7D}.AppStore|Any CPU.Deploy.0 = Release|Any CPU
		{AB6A8C97-569E-44FF-BCB4-7725F7DDDC7D}.AppStore|ARM.ActiveCfg = Release|Any CPU
		{AB6A8C97-569E-44FF-BCB4-7725F7DDDC7D}.AppStore|ARM.Build.0 = Release|Any CPU
		{AB6A8C97-569E-44FF-BCB4-7725F7DDDC7D}.AppStore|ARM.Deploy.0 = Release|Any CPU
		{AB6A8C97-569E-44FF-BCB4-7725F7DDDC7D}.AppStore|iPhone.ActiveCfg = Release|Any CPU
		{AB6A8C97-569E-44FF-BCB4-7725F7DDDC7D}.AppStore|iPhone.Build.0 = Release|Any CPU
		{AB6A8C97-569E-44FF-BCB4-7725F7DDDC7D}.AppStore|iPhone.Deploy.0 = Release|Any CPU
		{AB6A8C97-569E-44FF-BCB4-7725F7DDDC7D}.AppStore|iPhoneSimulator.ActiveCfg = Release|Any CPU
		{AB6A8C97-569E-44FF-BCB4-7725F7DDDC7D}.AppStore|iPhoneSimulator.Build.0 = Release|Any CPU
		{AB6A8C97-569E-44FF-BCB4-7725F7DDDC7D}.AppStore|iPhoneSimulator.Deploy.0 = Release|Any CPU
		{AB6A8C97-569E-44FF-BCB4-7725F7DDDC7D}.AppStore|x64.ActiveCfg = Release|Any CPU
		{AB6A8C97-569E-44FF-BCB4-7725F7DDDC7D}.AppStore|x64.Build.0 = Release|Any CPU
		{AB6A8C97-569E-44FF-BCB4-7725F7DDDC7D}.AppStore|x64.Deploy.0 = Release|Any CPU
		{AB6A8C97-569E-44FF-BCB4-7725F7DDDC7D}.AppStore|x86.ActiveCfg = Release|Any CPU
		{AB6A8C97-569E-44FF-BCB4-7725F7DDDC7D}.AppStore|x86.Build.0 = Release|Any CPU
		{AB6A8C97-569E-44FF-BCB4-7725F7DDDC7D}.AppStore|x86.Deploy.0 = Release|Any CPU
		{AB6A8C97-569E-44FF-BCB4-7725F7DDDC7D}.Debug|Any CPU.ActiveCfg = Debug|Any CPU
		{AB6A8C97-569E-44FF-BCB4-7725F7DDDC7D}.Debug|Any CPU.Build.0 = Debug|Any CPU
		{AB6A8C97-569E-44FF-BCB4-7725F7DDDC7D}.Debug|Any CPU.Deploy.0 = Debug|Any CPU
		{AB6A8C97-569E-44FF-BCB4-7725F7DDDC7D}.Debug|ARM.ActiveCfg = Debug|Any CPU
		{AB6A8C97-569E-44FF-BCB4-7725F7DDDC7D}.Debug|ARM.Build.0 = Debug|Any CPU
		{AB6A8C97-569E-44FF-BCB4-7725F7DDDC7D}.Debug|ARM.Deploy.0 = Debug|Any CPU
		{AB6A8C97-569E-44FF-BCB4-7725F7DDDC7D}.Debug|iPhone.ActiveCfg = Debug|Any CPU
		{AB6A8C97-569E-44FF-BCB4-7725F7DDDC7D}.Debug|iPhone.Build.0 = Debug|Any CPU
		{AB6A8C97-569E-44FF-BCB4-7725F7DDDC7D}.Debug|iPhone.Deploy.0 = Debug|Any CPU
		{AB6A8C97-569E-44FF-BCB4-7725F7DDDC7D}.Debug|iPhoneSimulator.ActiveCfg = Debug|Any CPU
		{AB6A8C97-569E-44FF-BCB4-7725F7DDDC7D}.Debug|iPhoneSimulator.Build.0 = Debug|Any CPU
		{AB6A8C97-569E-44FF-BCB4-7725F7DDDC7D}.Debug|iPhoneSimulator.Deploy.0 = Debug|Any CPU
		{AB6A8C97-569E-44FF-BCB4-7725F7DDDC7D}.Debug|x64.ActiveCfg = Debug|Any CPU
		{AB6A8C97-569E-44FF-BCB4-7725F7DDDC7D}.Debug|x64.Build.0 = Debug|Any CPU
		{AB6A8C97-569E-44FF-BCB4-7725F7DDDC7D}.Debug|x64.Deploy.0 = Debug|Any CPU
		{AB6A8C97-569E-44FF-BCB4-7725F7DDDC7D}.Debug|x86.ActiveCfg = Debug|Any CPU
		{AB6A8C97-569E-44FF-BCB4-7725F7DDDC7D}.Debug|x86.Build.0 = Debug|Any CPU
		{AB6A8C97-569E-44FF-BCB4-7725F7DDDC7D}.Debug|x86.Deploy.0 = Debug|Any CPU
		{AB6A8C97-569E-44FF-BCB4-7725F7DDDC7D}.Release|Any CPU.ActiveCfg = Release|Any CPU
		{AB6A8C97-569E-44FF-BCB4-7725F7DDDC7D}.Release|Any CPU.Build.0 = Release|Any CPU
		{AB6A8C97-569E-44FF-BCB4-7725F7DDDC7D}.Release|Any CPU.Deploy.0 = Release|Any CPU
		{AB6A8C97-569E-44FF-BCB4-7725F7DDDC7D}.Release|ARM.ActiveCfg = Release|Any CPU
		{AB6A8C97-569E-44FF-BCB4-7725F7DDDC7D}.Release|ARM.Build.0 = Release|Any CPU
		{AB6A8C97-569E-44FF-BCB4-7725F7DDDC7D}.Release|ARM.Deploy.0 = Release|Any CPU
		{AB6A8C97-569E-44FF-BCB4-7725F7DDDC7D}.Release|iPhone.ActiveCfg = Release|Any CPU
		{AB6A8C97-569E-44FF-BCB4-7725F7DDDC7D}.Release|iPhone.Build.0 = Release|Any CPU
		{AB6A8C97-569E-44FF-BCB4-7725F7DDDC7D}.Release|iPhone.Deploy.0 = Release|Any CPU
		{AB6A8C97-569E-44FF-BCB4-7725F7DDDC7D}.Release|iPhoneSimulator.ActiveCfg = Release|Any CPU
		{AB6A8C97-569E-44FF-BCB4-7725F7DDDC7D}.Release|iPhoneSimulator.Build.0 = Release|Any CPU
		{AB6A8C97-569E-44FF-BCB4-7725F7DDDC7D}.Release|iPhoneSimulator.Deploy.0 = Release|Any CPU
		{AB6A8C97-569E-44FF-BCB4-7725F7DDDC7D}.Release|x64.ActiveCfg = Release|Any CPU
		{AB6A8C97-569E-44FF-BCB4-7725F7DDDC7D}.Release|x64.Build.0 = Release|Any CPU
		{AB6A8C97-569E-44FF-BCB4-7725F7DDDC7D}.Release|x64.Deploy.0 = Release|Any CPU
		{AB6A8C97-569E-44FF-BCB4-7725F7DDDC7D}.Release|x86.ActiveCfg = Release|Any CPU
		{AB6A8C97-569E-44FF-BCB4-7725F7DDDC7D}.Release|x86.Build.0 = Release|Any CPU
		{AB6A8C97-569E-44FF-BCB4-7725F7DDDC7D}.Release|x86.Deploy.0 = Release|Any CPU
		{F7CE1881-721E-4B0E-8458-55A381284ED9}.Ad-Hoc|Any CPU.ActiveCfg = Ad-Hoc|iPhone
		{F7CE1881-721E-4B0E-8458-55A381284ED9}.Ad-Hoc|ARM.ActiveCfg = Ad-Hoc|iPhone
		{F7CE1881-721E-4B0E-8458-55A381284ED9}.Ad-Hoc|iPhone.ActiveCfg = Ad-Hoc|iPhone
		{F7CE1881-721E-4B0E-8458-55A381284ED9}.Ad-Hoc|iPhone.Build.0 = Ad-Hoc|iPhone
		{F7CE1881-721E-4B0E-8458-55A381284ED9}.Ad-Hoc|iPhoneSimulator.ActiveCfg = Ad-Hoc|iPhoneSimulator
		{F7CE1881-721E-4B0E-8458-55A381284ED9}.Ad-Hoc|iPhoneSimulator.Build.0 = Ad-Hoc|iPhoneSimulator
		{F7CE1881-721E-4B0E-8458-55A381284ED9}.Ad-Hoc|x64.ActiveCfg = Ad-Hoc|iPhone
		{F7CE1881-721E-4B0E-8458-55A381284ED9}.Ad-Hoc|x86.ActiveCfg = Ad-Hoc|iPhone
		{F7CE1881-721E-4B0E-8458-55A381284ED9}.AppStore|Any CPU.ActiveCfg = AppStore|iPhone
		{F7CE1881-721E-4B0E-8458-55A381284ED9}.AppStore|ARM.ActiveCfg = AppStore|iPhone
		{F7CE1881-721E-4B0E-8458-55A381284ED9}.AppStore|iPhone.ActiveCfg = AppStore|iPhone
		{F7CE1881-721E-4B0E-8458-55A381284ED9}.AppStore|iPhone.Build.0 = AppStore|iPhone
		{F7CE1881-721E-4B0E-8458-55A381284ED9}.AppStore|iPhoneSimulator.ActiveCfg = AppStore|iPhoneSimulator
		{F7CE1881-721E-4B0E-8458-55A381284ED9}.AppStore|iPhoneSimulator.Build.0 = AppStore|iPhoneSimulator
		{F7CE1881-721E-4B0E-8458-55A381284ED9}.AppStore|x64.ActiveCfg = AppStore|iPhone
		{F7CE1881-721E-4B0E-8458-55A381284ED9}.AppStore|x86.ActiveCfg = AppStore|iPhone
		{F7CE1881-721E-4B0E-8458-55A381284ED9}.Debug|Any CPU.ActiveCfg = Debug|iPhone
		{F7CE1881-721E-4B0E-8458-55A381284ED9}.Debug|ARM.ActiveCfg = Debug|iPhone
		{F7CE1881-721E-4B0E-8458-55A381284ED9}.Debug|iPhone.ActiveCfg = Debug|iPhone
		{F7CE1881-721E-4B0E-8458-55A381284ED9}.Debug|iPhone.Build.0 = Debug|iPhone
		{F7CE1881-721E-4B0E-8458-55A381284ED9}.Debug|iPhoneSimulator.ActiveCfg = Debug|iPhoneSimulator
		{F7CE1881-721E-4B0E-8458-55A381284ED9}.Debug|iPhoneSimulator.Build.0 = Debug|iPhoneSimulator
		{F7CE1881-721E-4B0E-8458-55A381284ED9}.Debug|x64.ActiveCfg = Debug|iPhone
		{F7CE1881-721E-4B0E-8458-55A381284ED9}.Debug|x86.ActiveCfg = Debug|iPhone
		{F7CE1881-721E-4B0E-8458-55A381284ED9}.Release|Any CPU.ActiveCfg = Release|iPhone
		{F7CE1881-721E-4B0E-8458-55A381284ED9}.Release|ARM.ActiveCfg = Release|iPhone
		{F7CE1881-721E-4B0E-8458-55A381284ED9}.Release|iPhone.ActiveCfg = Release|iPhone
		{F7CE1881-721E-4B0E-8458-55A381284ED9}.Release|iPhone.Build.0 = Release|iPhone
		{F7CE1881-721E-4B0E-8458-55A381284ED9}.Release|iPhoneSimulator.ActiveCfg = Release|iPhoneSimulator
		{F7CE1881-721E-4B0E-8458-55A381284ED9}.Release|iPhoneSimulator.Build.0 = Release|iPhoneSimulator
		{F7CE1881-721E-4B0E-8458-55A381284ED9}.Release|x64.ActiveCfg = Release|iPhone
		{F7CE1881-721E-4B0E-8458-55A381284ED9}.Release|x86.ActiveCfg = Release|iPhone
		{C5466061-15EC-4C60-8222-473FFDD4E3CE}.Ad-Hoc|Any CPU.ActiveCfg = Release|Any CPU
		{C5466061-15EC-4C60-8222-473FFDD4E3CE}.Ad-Hoc|Any CPU.Build.0 = Release|Any CPU
		{C5466061-15EC-4C60-8222-473FFDD4E3CE}.Ad-Hoc|Any CPU.Deploy.0 = Release|Any CPU
		{C5466061-15EC-4C60-8222-473FFDD4E3CE}.Ad-Hoc|ARM.ActiveCfg = Release|ARM
		{C5466061-15EC-4C60-8222-473FFDD4E3CE}.Ad-Hoc|ARM.Build.0 = Release|ARM
		{C5466061-15EC-4C60-8222-473FFDD4E3CE}.Ad-Hoc|ARM.Deploy.0 = Release|ARM
		{C5466061-15EC-4C60-8222-473FFDD4E3CE}.Ad-Hoc|iPhone.ActiveCfg = Release|Any CPU
		{C5466061-15EC-4C60-8222-473FFDD4E3CE}.Ad-Hoc|iPhone.Build.0 = Release|Any CPU
		{C5466061-15EC-4C60-8222-473FFDD4E3CE}.Ad-Hoc|iPhone.Deploy.0 = Release|Any CPU
		{C5466061-15EC-4C60-8222-473FFDD4E3CE}.Ad-Hoc|iPhoneSimulator.ActiveCfg = Release|Any CPU
		{C5466061-15EC-4C60-8222-473FFDD4E3CE}.Ad-Hoc|iPhoneSimulator.Build.0 = Release|Any CPU
		{C5466061-15EC-4C60-8222-473FFDD4E3CE}.Ad-Hoc|iPhoneSimulator.Deploy.0 = Release|Any CPU
		{C5466061-15EC-4C60-8222-473FFDD4E3CE}.Ad-Hoc|x64.ActiveCfg = Release|Any CPU
		{C5466061-15EC-4C60-8222-473FFDD4E3CE}.Ad-Hoc|x64.Build.0 = Release|Any CPU
		{C5466061-15EC-4C60-8222-473FFDD4E3CE}.Ad-Hoc|x64.Deploy.0 = Release|Any CPU
		{C5466061-15EC-4C60-8222-473FFDD4E3CE}.Ad-Hoc|x86.ActiveCfg = Release|x86
		{C5466061-15EC-4C60-8222-473FFDD4E3CE}.Ad-Hoc|x86.Build.0 = Release|x86
		{C5466061-15EC-4C60-8222-473FFDD4E3CE}.Ad-Hoc|x86.Deploy.0 = Release|x86
		{C5466061-15EC-4C60-8222-473FFDD4E3CE}.AppStore|Any CPU.ActiveCfg = Release|Any CPU
		{C5466061-15EC-4C60-8222-473FFDD4E3CE}.AppStore|Any CPU.Build.0 = Release|Any CPU
		{C5466061-15EC-4C60-8222-473FFDD4E3CE}.AppStore|Any CPU.Deploy.0 = Release|Any CPU
		{C5466061-15EC-4C60-8222-473FFDD4E3CE}.AppStore|ARM.ActiveCfg = Release|ARM
		{C5466061-15EC-4C60-8222-473FFDD4E3CE}.AppStore|ARM.Build.0 = Release|ARM
		{C5466061-15EC-4C60-8222-473FFDD4E3CE}.AppStore|ARM.Deploy.0 = Release|ARM
		{C5466061-15EC-4C60-8222-473FFDD4E3CE}.AppStore|iPhone.ActiveCfg = Release|Any CPU
		{C5466061-15EC-4C60-8222-473FFDD4E3CE}.AppStore|iPhone.Build.0 = Release|Any CPU
		{C5466061-15EC-4C60-8222-473FFDD4E3CE}.AppStore|iPhone.Deploy.0 = Release|Any CPU
		{C5466061-15EC-4C60-8222-473FFDD4E3CE}.AppStore|iPhoneSimulator.ActiveCfg = Release|Any CPU
		{C5466061-15EC-4C60-8222-473FFDD4E3CE}.AppStore|iPhoneSimulator.Build.0 = Release|Any CPU
		{C5466061-15EC-4C60-8222-473FFDD4E3CE}.AppStore|iPhoneSimulator.Deploy.0 = Release|Any CPU
		{C5466061-15EC-4C60-8222-473FFDD4E3CE}.AppStore|x64.ActiveCfg = Release|Any CPU
		{C5466061-15EC-4C60-8222-473FFDD4E3CE}.AppStore|x64.Build.0 = Release|Any CPU
		{C5466061-15EC-4C60-8222-473FFDD4E3CE}.AppStore|x64.Deploy.0 = Release|Any CPU
		{C5466061-15EC-4C60-8222-473FFDD4E3CE}.AppStore|x86.ActiveCfg = Release|x86
		{C5466061-15EC-4C60-8222-473FFDD4E3CE}.AppStore|x86.Build.0 = Release|x86
		{C5466061-15EC-4C60-8222-473FFDD4E3CE}.AppStore|x86.Deploy.0 = Release|x86
		{C5466061-15EC-4C60-8222-473FFDD4E3CE}.Debug|Any CPU.ActiveCfg = Debug|Any CPU
		{C5466061-15EC-4C60-8222-473FFDD4E3CE}.Debug|Any CPU.Build.0 = Debug|Any CPU
		{C5466061-15EC-4C60-8222-473FFDD4E3CE}.Debug|Any CPU.Deploy.0 = Debug|Any CPU
		{C5466061-15EC-4C60-8222-473FFDD4E3CE}.Debug|ARM.ActiveCfg = Debug|ARM
		{C5466061-15EC-4C60-8222-473FFDD4E3CE}.Debug|ARM.Build.0 = Debug|ARM
		{C5466061-15EC-4C60-8222-473FFDD4E3CE}.Debug|ARM.Deploy.0 = Debug|ARM
		{C5466061-15EC-4C60-8222-473FFDD4E3CE}.Debug|iPhone.ActiveCfg = Debug|Any CPU
		{C5466061-15EC-4C60-8222-473FFDD4E3CE}.Debug|iPhone.Build.0 = Debug|Any CPU
		{C5466061-15EC-4C60-8222-473FFDD4E3CE}.Debug|iPhone.Deploy.0 = Debug|Any CPU
		{C5466061-15EC-4C60-8222-473FFDD4E3CE}.Debug|iPhoneSimulator.ActiveCfg = Debug|Any CPU
		{C5466061-15EC-4C60-8222-473FFDD4E3CE}.Debug|iPhoneSimulator.Build.0 = Debug|Any CPU
		{C5466061-15EC-4C60-8222-473FFDD4E3CE}.Debug|iPhoneSimulator.Deploy.0 = Debug|Any CPU
		{C5466061-15EC-4C60-8222-473FFDD4E3CE}.Debug|x64.ActiveCfg = Debug|Any CPU
		{C5466061-15EC-4C60-8222-473FFDD4E3CE}.Debug|x64.Build.0 = Debug|Any CPU
		{C5466061-15EC-4C60-8222-473FFDD4E3CE}.Debug|x64.Deploy.0 = Debug|Any CPU
		{C5466061-15EC-4C60-8222-473FFDD4E3CE}.Debug|x86.ActiveCfg = Debug|x86
		{C5466061-15EC-4C60-8222-473FFDD4E3CE}.Debug|x86.Build.0 = Debug|x86
		{C5466061-15EC-4C60-8222-473FFDD4E3CE}.Debug|x86.Deploy.0 = Debug|x86
		{C5466061-15EC-4C60-8222-473FFDD4E3CE}.Release|Any CPU.ActiveCfg = Release|Any CPU
		{C5466061-15EC-4C60-8222-473FFDD4E3CE}.Release|Any CPU.Build.0 = Release|Any CPU
		{C5466061-15EC-4C60-8222-473FFDD4E3CE}.Release|Any CPU.Deploy.0 = Release|Any CPU
		{C5466061-15EC-4C60-8222-473FFDD4E3CE}.Release|ARM.ActiveCfg = Release|ARM
		{C5466061-15EC-4C60-8222-473FFDD4E3CE}.Release|ARM.Build.0 = Release|ARM
		{C5466061-15EC-4C60-8222-473FFDD4E3CE}.Release|ARM.Deploy.0 = Release|ARM
		{C5466061-15EC-4C60-8222-473FFDD4E3CE}.Release|iPhone.ActiveCfg = Release|Any CPU
		{C5466061-15EC-4C60-8222-473FFDD4E3CE}.Release|iPhone.Build.0 = Release|Any CPU
		{C5466061-15EC-4C60-8222-473FFDD4E3CE}.Release|iPhone.Deploy.0 = Release|Any CPU
		{C5466061-15EC-4C60-8222-473FFDD4E3CE}.Release|iPhoneSimulator.ActiveCfg = Release|Any CPU
		{C5466061-15EC-4C60-8222-473FFDD4E3CE}.Release|iPhoneSimulator.Build.0 = Release|Any CPU
		{C5466061-15EC-4C60-8222-473FFDD4E3CE}.Release|iPhoneSimulator.Deploy.0 = Release|Any CPU
		{C5466061-15EC-4C60-8222-473FFDD4E3CE}.Release|x64.ActiveCfg = Release|Any CPU
		{C5466061-15EC-4C60-8222-473FFDD4E3CE}.Release|x64.Build.0 = Release|Any CPU
		{C5466061-15EC-4C60-8222-473FFDD4E3CE}.Release|x64.Deploy.0 = Release|Any CPU
		{C5466061-15EC-4C60-8222-473FFDD4E3CE}.Release|x86.ActiveCfg = Release|x86
		{C5466061-15EC-4C60-8222-473FFDD4E3CE}.Release|x86.Build.0 = Release|x86
		{C5466061-15EC-4C60-8222-473FFDD4E3CE}.Release|x86.Deploy.0 = Release|x86
		{14D2D996-1285-4E8F-A64E-0A530BCBC3B5}.Ad-Hoc|Any CPU.ActiveCfg = Release|Any CPU
		{14D2D996-1285-4E8F-A64E-0A530BCBC3B5}.Ad-Hoc|Any CPU.Build.0 = Release|Any CPU
		{14D2D996-1285-4E8F-A64E-0A530BCBC3B5}.Ad-Hoc|Any CPU.Deploy.0 = Release|Any CPU
		{14D2D996-1285-4E8F-A64E-0A530BCBC3B5}.Ad-Hoc|ARM.ActiveCfg = Release|ARM
		{14D2D996-1285-4E8F-A64E-0A530BCBC3B5}.Ad-Hoc|ARM.Build.0 = Release|ARM
		{14D2D996-1285-4E8F-A64E-0A530BCBC3B5}.Ad-Hoc|ARM.Deploy.0 = Release|ARM
		{14D2D996-1285-4E8F-A64E-0A530BCBC3B5}.Ad-Hoc|iPhone.ActiveCfg = Release|Any CPU
		{14D2D996-1285-4E8F-A64E-0A530BCBC3B5}.Ad-Hoc|iPhone.Build.0 = Release|Any CPU
		{14D2D996-1285-4E8F-A64E-0A530BCBC3B5}.Ad-Hoc|iPhone.Deploy.0 = Release|Any CPU
		{14D2D996-1285-4E8F-A64E-0A530BCBC3B5}.Ad-Hoc|iPhoneSimulator.ActiveCfg = Release|Any CPU
		{14D2D996-1285-4E8F-A64E-0A530BCBC3B5}.Ad-Hoc|iPhoneSimulator.Build.0 = Release|Any CPU
		{14D2D996-1285-4E8F-A64E-0A530BCBC3B5}.Ad-Hoc|iPhoneSimulator.Deploy.0 = Release|Any CPU
		{14D2D996-1285-4E8F-A64E-0A530BCBC3B5}.Ad-Hoc|x64.ActiveCfg = Release|x64
		{14D2D996-1285-4E8F-A64E-0A530BCBC3B5}.Ad-Hoc|x64.Build.0 = Release|x64
		{14D2D996-1285-4E8F-A64E-0A530BCBC3B5}.Ad-Hoc|x64.Deploy.0 = Release|x64
		{14D2D996-1285-4E8F-A64E-0A530BCBC3B5}.Ad-Hoc|x86.ActiveCfg = Release|x86
		{14D2D996-1285-4E8F-A64E-0A530BCBC3B5}.Ad-Hoc|x86.Build.0 = Release|x86
		{14D2D996-1285-4E8F-A64E-0A530BCBC3B5}.Ad-Hoc|x86.Deploy.0 = Release|x86
		{14D2D996-1285-4E8F-A64E-0A530BCBC3B5}.AppStore|Any CPU.ActiveCfg = Release|Any CPU
		{14D2D996-1285-4E8F-A64E-0A530BCBC3B5}.AppStore|Any CPU.Build.0 = Release|Any CPU
		{14D2D996-1285-4E8F-A64E-0A530BCBC3B5}.AppStore|Any CPU.Deploy.0 = Release|Any CPU
		{14D2D996-1285-4E8F-A64E-0A530BCBC3B5}.AppStore|ARM.ActiveCfg = Release|ARM
		{14D2D996-1285-4E8F-A64E-0A530BCBC3B5}.AppStore|ARM.Build.0 = Release|ARM
		{14D2D996-1285-4E8F-A64E-0A530BCBC3B5}.AppStore|ARM.Deploy.0 = Release|ARM
		{14D2D996-1285-4E8F-A64E-0A530BCBC3B5}.AppStore|iPhone.ActiveCfg = Release|Any CPU
		{14D2D996-1285-4E8F-A64E-0A530BCBC3B5}.AppStore|iPhone.Build.0 = Release|Any CPU
		{14D2D996-1285-4E8F-A64E-0A530BCBC3B5}.AppStore|iPhone.Deploy.0 = Release|Any CPU
		{14D2D996-1285-4E8F-A64E-0A530BCBC3B5}.AppStore|iPhoneSimulator.ActiveCfg = Release|Any CPU
		{14D2D996-1285-4E8F-A64E-0A530BCBC3B5}.AppStore|iPhoneSimulator.Build.0 = Release|Any CPU
		{14D2D996-1285-4E8F-A64E-0A530BCBC3B5}.AppStore|iPhoneSimulator.Deploy.0 = Release|Any CPU
		{14D2D996-1285-4E8F-A64E-0A530BCBC3B5}.AppStore|x64.ActiveCfg = Release|x64
		{14D2D996-1285-4E8F-A64E-0A530BCBC3B5}.AppStore|x64.Build.0 = Release|x64
		{14D2D996-1285-4E8F-A64E-0A530BCBC3B5}.AppStore|x64.Deploy.0 = Release|x64
		{14D2D996-1285-4E8F-A64E-0A530BCBC3B5}.AppStore|x86.ActiveCfg = Release|x86
		{14D2D996-1285-4E8F-A64E-0A530BCBC3B5}.AppStore|x86.Build.0 = Release|x86
		{14D2D996-1285-4E8F-A64E-0A530BCBC3B5}.AppStore|x86.Deploy.0 = Release|x86
		{14D2D996-1285-4E8F-A64E-0A530BCBC3B5}.Debug|Any CPU.ActiveCfg = Debug|Any CPU
		{14D2D996-1285-4E8F-A64E-0A530BCBC3B5}.Debug|Any CPU.Build.0 = Debug|Any CPU
		{14D2D996-1285-4E8F-A64E-0A530BCBC3B5}.Debug|Any CPU.Deploy.0 = Debug|Any CPU
		{14D2D996-1285-4E8F-A64E-0A530BCBC3B5}.Debug|ARM.ActiveCfg = Debug|ARM
		{14D2D996-1285-4E8F-A64E-0A530BCBC3B5}.Debug|ARM.Build.0 = Debug|ARM
		{14D2D996-1285-4E8F-A64E-0A530BCBC3B5}.Debug|ARM.Deploy.0 = Debug|ARM
		{14D2D996-1285-4E8F-A64E-0A530BCBC3B5}.Debug|iPhone.ActiveCfg = Debug|Any CPU
		{14D2D996-1285-4E8F-A64E-0A530BCBC3B5}.Debug|iPhone.Build.0 = Debug|Any CPU
		{14D2D996-1285-4E8F-A64E-0A530BCBC3B5}.Debug|iPhone.Deploy.0 = Debug|Any CPU
		{14D2D996-1285-4E8F-A64E-0A530BCBC3B5}.Debug|iPhoneSimulator.ActiveCfg = Debug|Any CPU
		{14D2D996-1285-4E8F-A64E-0A530BCBC3B5}.Debug|iPhoneSimulator.Build.0 = Debug|Any CPU
		{14D2D996-1285-4E8F-A64E-0A530BCBC3B5}.Debug|iPhoneSimulator.Deploy.0 = Debug|Any CPU
		{14D2D996-1285-4E8F-A64E-0A530BCBC3B5}.Debug|x64.ActiveCfg = Debug|x64
		{14D2D996-1285-4E8F-A64E-0A530BCBC3B5}.Debug|x64.Build.0 = Debug|x64
		{14D2D996-1285-4E8F-A64E-0A530BCBC3B5}.Debug|x64.Deploy.0 = Debug|x64
		{14D2D996-1285-4E8F-A64E-0A530BCBC3B5}.Debug|x86.ActiveCfg = Debug|x86
		{14D2D996-1285-4E8F-A64E-0A530BCBC3B5}.Debug|x86.Build.0 = Debug|x86
		{14D2D996-1285-4E8F-A64E-0A530BCBC3B5}.Debug|x86.Deploy.0 = Debug|x86
		{14D2D996-1285-4E8F-A64E-0A530BCBC3B5}.Release|Any CPU.ActiveCfg = Release|Any CPU
		{14D2D996-1285-4E8F-A64E-0A530BCBC3B5}.Release|Any CPU.Build.0 = Release|Any CPU
		{14D2D996-1285-4E8F-A64E-0A530BCBC3B5}.Release|Any CPU.Deploy.0 = Release|Any CPU
		{14D2D996-1285-4E8F-A64E-0A530BCBC3B5}.Release|ARM.ActiveCfg = Release|ARM
		{14D2D996-1285-4E8F-A64E-0A530BCBC3B5}.Release|ARM.Build.0 = Release|ARM
		{14D2D996-1285-4E8F-A64E-0A530BCBC3B5}.Release|ARM.Deploy.0 = Release|ARM
		{14D2D996-1285-4E8F-A64E-0A530BCBC3B5}.Release|iPhone.ActiveCfg = Release|Any CPU
		{14D2D996-1285-4E8F-A64E-0A530BCBC3B5}.Release|iPhone.Build.0 = Release|Any CPU
		{14D2D996-1285-4E8F-A64E-0A530BCBC3B5}.Release|iPhone.Deploy.0 = Release|Any CPU
		{14D2D996-1285-4E8F-A64E-0A530BCBC3B5}.Release|iPhoneSimulator.ActiveCfg = Release|Any CPU
		{14D2D996-1285-4E8F-A64E-0A530BCBC3B5}.Release|iPhoneSimulator.Build.0 = Release|Any CPU
		{14D2D996-1285-4E8F-A64E-0A530BCBC3B5}.Release|iPhoneSimulator.Deploy.0 = Release|Any CPU
		{14D2D996-1285-4E8F-A64E-0A530BCBC3B5}.Release|x64.ActiveCfg = Release|x64
		{14D2D996-1285-4E8F-A64E-0A530BCBC3B5}.Release|x64.Build.0 = Release|x64
		{14D2D996-1285-4E8F-A64E-0A530BCBC3B5}.Release|x64.Deploy.0 = Release|x64
		{14D2D996-1285-4E8F-A64E-0A530BCBC3B5}.Release|x86.ActiveCfg = Release|x86
		{14D2D996-1285-4E8F-A64E-0A530BCBC3B5}.Release|x86.Build.0 = Release|x86
		{14D2D996-1285-4E8F-A64E-0A530BCBC3B5}.Release|x86.Deploy.0 = Release|x86
		{06B27DD8-EB0A-469F-88EE-3150C9E7C6B1}.Ad-Hoc|Any CPU.ActiveCfg = Release|Any CPU
		{06B27DD8-EB0A-469F-88EE-3150C9E7C6B1}.Ad-Hoc|Any CPU.Build.0 = Release|Any CPU
		{06B27DD8-EB0A-469F-88EE-3150C9E7C6B1}.Ad-Hoc|ARM.ActiveCfg = Release|Any CPU
		{06B27DD8-EB0A-469F-88EE-3150C9E7C6B1}.Ad-Hoc|ARM.Build.0 = Release|Any CPU
		{06B27DD8-EB0A-469F-88EE-3150C9E7C6B1}.Ad-Hoc|iPhone.ActiveCfg = Release|Any CPU
		{06B27DD8-EB0A-469F-88EE-3150C9E7C6B1}.Ad-Hoc|iPhone.Build.0 = Release|Any CPU
		{06B27DD8-EB0A-469F-88EE-3150C9E7C6B1}.Ad-Hoc|iPhoneSimulator.ActiveCfg = Release|Any CPU
		{06B27DD8-EB0A-469F-88EE-3150C9E7C6B1}.Ad-Hoc|iPhoneSimulator.Build.0 = Release|Any CPU
		{06B27DD8-EB0A-469F-88EE-3150C9E7C6B1}.Ad-Hoc|x64.ActiveCfg = Release|Any CPU
		{06B27DD8-EB0A-469F-88EE-3150C9E7C6B1}.Ad-Hoc|x64.Build.0 = Release|Any CPU
		{06B27DD8-EB0A-469F-88EE-3150C9E7C6B1}.Ad-Hoc|x86.ActiveCfg = Release|Any CPU
		{06B27DD8-EB0A-469F-88EE-3150C9E7C6B1}.Ad-Hoc|x86.Build.0 = Release|Any CPU
		{06B27DD8-EB0A-469F-88EE-3150C9E7C6B1}.AppStore|Any CPU.ActiveCfg = Release|Any CPU
		{06B27DD8-EB0A-469F-88EE-3150C9E7C6B1}.AppStore|Any CPU.Build.0 = Release|Any CPU
		{06B27DD8-EB0A-469F-88EE-3150C9E7C6B1}.AppStore|ARM.ActiveCfg = Release|Any CPU
		{06B27DD8-EB0A-469F-88EE-3150C9E7C6B1}.AppStore|ARM.Build.0 = Release|Any CPU
		{06B27DD8-EB0A-469F-88EE-3150C9E7C6B1}.AppStore|iPhone.ActiveCfg = Release|Any CPU
		{06B27DD8-EB0A-469F-88EE-3150C9E7C6B1}.AppStore|iPhone.Build.0 = Release|Any CPU
		{06B27DD8-EB0A-469F-88EE-3150C9E7C6B1}.AppStore|iPhoneSimulator.ActiveCfg = Release|Any CPU
		{06B27DD8-EB0A-469F-88EE-3150C9E7C6B1}.AppStore|iPhoneSimulator.Build.0 = Release|Any CPU
		{06B27DD8-EB0A-469F-88EE-3150C9E7C6B1}.AppStore|x64.ActiveCfg = Release|Any CPU
		{06B27DD8-EB0A-469F-88EE-3150C9E7C6B1}.AppStore|x64.Build.0 = Release|Any CPU
		{06B27DD8-EB0A-469F-88EE-3150C9E7C6B1}.AppStore|x86.ActiveCfg = Release|Any CPU
		{06B27DD8-EB0A-469F-88EE-3150C9E7C6B1}.AppStore|x86.Build.0 = Release|Any CPU
		{06B27DD8-EB0A-469F-88EE-3150C9E7C6B1}.Debug|Any CPU.ActiveCfg = Debug|Any CPU
		{06B27DD8-EB0A-469F-88EE-3150C9E7C6B1}.Debug|Any CPU.Build.0 = Debug|Any CPU
		{06B27DD8-EB0A-469F-88EE-3150C9E7C6B1}.Debug|ARM.ActiveCfg = Debug|Any CPU
		{06B27DD8-EB0A-469F-88EE-3150C9E7C6B1}.Debug|ARM.Build.0 = Debug|Any CPU
		{06B27DD8-EB0A-469F-88EE-3150C9E7C6B1}.Debug|iPhone.ActiveCfg = Debug|Any CPU
		{06B27DD8-EB0A-469F-88EE-3150C9E7C6B1}.Debug|iPhone.Build.0 = Debug|Any CPU
		{06B27DD8-EB0A-469F-88EE-3150C9E7C6B1}.Debug|iPhoneSimulator.ActiveCfg = Debug|Any CPU
		{06B27DD8-EB0A-469F-88EE-3150C9E7C6B1}.Debug|iPhoneSimulator.Build.0 = Debug|Any CPU
		{06B27DD8-EB0A-469F-88EE-3150C9E7C6B1}.Debug|x64.ActiveCfg = Debug|Any CPU
		{06B27DD8-EB0A-469F-88EE-3150C9E7C6B1}.Debug|x64.Build.0 = Debug|Any CPU
		{06B27DD8-EB0A-469F-88EE-3150C9E7C6B1}.Debug|x86.ActiveCfg = Debug|Any CPU
		{06B27DD8-EB0A-469F-88EE-3150C9E7C6B1}.Debug|x86.Build.0 = Debug|Any CPU
		{06B27DD8-EB0A-469F-88EE-3150C9E7C6B1}.Release|Any CPU.ActiveCfg = Release|Any CPU
		{06B27DD8-EB0A-469F-88EE-3150C9E7C6B1}.Release|Any CPU.Build.0 = Release|Any CPU
		{06B27DD8-EB0A-469F-88EE-3150C9E7C6B1}.Release|ARM.ActiveCfg = Release|Any CPU
		{06B27DD8-EB0A-469F-88EE-3150C9E7C6B1}.Release|ARM.Build.0 = Release|Any CPU
		{06B27DD8-EB0A-469F-88EE-3150C9E7C6B1}.Release|iPhone.ActiveCfg = Release|Any CPU
		{06B27DD8-EB0A-469F-88EE-3150C9E7C6B1}.Release|iPhone.Build.0 = Release|Any CPU
		{06B27DD8-EB0A-469F-88EE-3150C9E7C6B1}.Release|iPhoneSimulator.ActiveCfg = Release|Any CPU
		{06B27DD8-EB0A-469F-88EE-3150C9E7C6B1}.Release|iPhoneSimulator.Build.0 = Release|Any CPU
		{06B27DD8-EB0A-469F-88EE-3150C9E7C6B1}.Release|x64.ActiveCfg = Release|Any CPU
		{06B27DD8-EB0A-469F-88EE-3150C9E7C6B1}.Release|x64.Build.0 = Release|Any CPU
		{06B27DD8-EB0A-469F-88EE-3150C9E7C6B1}.Release|x86.ActiveCfg = Release|Any CPU
		{06B27DD8-EB0A-469F-88EE-3150C9E7C6B1}.Release|x86.Build.0 = Release|Any CPU
	EndGlobalSection
	GlobalSection(SolutionProperties) = preSolution
		HideSolutionNode = FALSE
	EndGlobalSection
EndGlobal
